# THIS IS AN AUTOGENERATED FILE. DO NOT EDIT THIS FILE DIRECTLY.
# yarn lockfile v1


"@babel/helper-string-parser@^7.27.1":
  version "7.27.1"
  resolved "https://registry.npmmirror.com/@babel/helper-string-parser/-/helper-string-parser-7.27.1.tgz#54da796097ab19ce67ed9f88b47bb2ec49367687"
  integrity sha512-qMlSxKbpRlAridDExk92nSobyDdpPijUq2DW6oDnUqd0iOGxmQjyqhMIihI9+zv4LPyZdRje2cavWPbCbWm3eA==

"@babel/helper-validator-identifier@^7.28.5":
  version "7.28.5"
  resolved "https://registry.npmmirror.com/@babel/helper-validator-identifier/-/helper-validator-identifier-7.28.5.tgz#010b6938fab7cb7df74aa2bbc06aa503b8fe5fb4"
  integrity sha512-qSs4ifwzKJSV39ucNjsvc6WVHs6b7S03sOh2OcHF9UHfVPqWWALUsNUVzhSBiItjRZoLHx7nIarVjqKVusUZ1Q==

"@babel/parser@^7.29.0":
  version "7.29.0"
  resolved "https://registry.npmmirror.com/@babel/parser/-/parser-7.29.0.tgz#669ef345add7d057e92b7ed15f0bac07611831b6"
  integrity sha512-IyDgFV5GeDUVX4YdF/3CPULtVGSXXMLh1xVIgdCgxApktqnQV0r7/8Nqthg+8YLGaAtdyIlo2qIdZrbCv4+7ww==
  dependencies:
    "@babel/types" "^7.29.0"

"@babel/types@^7.29.0":
  version "7.29.0"
  resolved "https://registry.npmmirror.com/@babel/types/-/types-7.29.0.tgz#9f5b1e838c446e72cf3cd4b918152b8c605e37c7"
  integrity sha512-LwdZHpScM4Qz8Xw2iKSzS+cfglZzJGvofQICy7W7v4caru4EaAmyUuO6BGrbyQ2mYV11W0U8j5mBhd14dd3B0A==
  dependencies:
    "@babel/helper-string-parser" "^7.27.1"
    "@babel/helper-validator-identifier" "^7.28.5"

"@ctrl/tinycolor@^4.2.0":
  version "4.2.0"
  resolved "https://registry.npmmirror.com/@ctrl/tinycolor/-/tinycolor-4.2.0.tgz#ba5d0b917303c0b3d3c14c4865cdc6ded25ac05f"
  integrity sha512-kzyuwOAQnXJNLS9PSyrk0CWk35nWJW/zl/6KvnTBMFK65gm7U1/Z5BqjxeapjZCIhQcM/DsrEmcbRwDyXyXK4A==

"@element-plus/icons-vue@^2.3.2":
  version "2.3.2"
  resolved "https://registry.npmmirror.com/@element-plus/icons-vue/-/icons-vue-2.3.2.tgz#7e9cb231fb738b2056f33e22c3a29e214b538dcf"
  integrity sha512-OzIuTaIfC8QXEPmJvB4Y4kw34rSXdCJzxcD1kFStBvr8bK6X1zQAYDo0CNMjojnfTqRQCJ0I7prlErcoRiET2A==

"@emnapi/core@^1.7.1":
  version "1.9.0"
  resolved "https://registry.npmmirror.com/@emnapi/core/-/core-1.9.0.tgz#4a54213b208fcf288cce25076c74e0f7613e6100"
  integrity sha512-0DQ98G9ZQZOxfUcQn1waV2yS8aWdZ6kJMbYCJB3oUBecjWYO1fqJ+a1DRfPF3O5JEkwqwP1A9QEN/9mYm2Yd0w==
  dependencies:
    "@emnapi/wasi-threads" "1.2.0"
    tslib "^2.4.0"

"@emnapi/runtime@^1.7.1":
  version "1.9.0"
  resolved "https://registry.npmmirror.com/@emnapi/runtime/-/runtime-1.9.0.tgz#91c54a6e77c36154c125e873409472e2b70efd5b"
  integrity sha512-QN75eB0IH2ywSpRpNddCRfQIhmJYBCJ1x5Lb3IscKAL8bMnVAKnRg8dCoXbHzVLLH7P38N2Z3mtulB7W0J0FKw==
  dependencies:
    tslib "^2.4.0"

"@emnapi/wasi-threads@1.2.0":
  version "1.2.0"
  resolved "https://registry.npmmirror.com/@emnapi/wasi-threads/-/wasi-threads-1.2.0.tgz#a19d9772cc3d195370bf6e2a805eec40aa75e18e"
  integrity sha512-N10dEJNSsUx41Z6pZsXU8FjPjpBEplgH24sfkmITrBED1/U2Esum9F3lfLrMjKHHjmi557zQn7kR9R+XWXu5Rg==
  dependencies:
    tslib "^2.4.0"

"@floating-ui/core@^1.7.5":
  version "1.7.5"
  resolved "https://registry.npmmirror.com/@floating-ui/core/-/core-1.7.5.tgz#d4af157a03330af5a60e69da7a4692507ada0622"
  integrity sha512-1Ih4WTWyw0+lKyFMcBHGbb5U5FtuHJuujoyyr5zTaWS5EYMeT6Jb2AuDeftsCsEuchO+mM2ij5+q9crhydzLhQ==
  dependencies:
    "@floating-ui/utils" "^0.2.11"

"@floating-ui/dom@^1.0.1":
  version "1.7.6"
  resolved "https://registry.npmmirror.com/@floating-ui/dom/-/dom-1.7.6.tgz#f915bba5abbb177e1f227cacee1b4d0634b187bf"
  integrity sha512-9gZSAI5XM36880PPMm//9dfiEngYoC6Am2izES1FF406YFsjvyBMmeJ2g4SAju3xWwtuynNRFL2s9hgxpLI5SQ==
  dependencies:
    "@floating-ui/core" "^1.7.5"
    "@floating-ui/utils" "^0.2.11"

"@floating-ui/utils@^0.2.11":
  version "0.2.11"
  resolved "https://registry.npmmirror.com/@floating-ui/utils/-/utils-0.2.11.tgz#a269e055e40e2f45873bae9d1a2fdccbd314ea3f"
  integrity sha512-RiB/yIh78pcIxl6lLMG0CgBXAZ2Y0eVHqMPYugu+9U0AeT6YBeiJpf7lbdJNIugFP5SIjwNRgo4DhR1Qxi26Gg==

"@jridgewell/sourcemap-codec@^1.5.5":
  version "1.5.5"
  resolved "https://registry.npmmirror.com/@jridgewell/sourcemap-codec/-/sourcemap-codec-1.5.5.tgz#6912b00d2c631c0d15ce1a7ab57cd657f2a8f8ba"
  integrity sha512-cYQ9310grqxueWbl+WuIUIaiUaDcj7WOq5fVhEljNVgRfOUhY9fy2zTvfoqWsnebh8Sl70VScFbICvJnLKB0Og==

"@napi-rs/wasm-runtime@^1.1.1":
  version "1.1.1"
  resolved "https://registry.npmmirror.com/@napi-rs/wasm-runtime/-/wasm-runtime-1.1.1.tgz#c3705ab549d176b8dc5172723d6156c3dc426af2"
  integrity sha512-p64ah1M1ld8xjWv3qbvFwHiFVWrq1yFvV4f7w+mzaqiR4IlSgkqhcRdHwsGgomwzBH51sRY4NEowLxnaBjcW/A==
  dependencies:
    "@emnapi/core" "^1.7.1"
    "@emnapi/runtime" "^1.7.1"
    "@tybys/wasm-util" "^0.10.1"

"@oxc-project/runtime@0.115.0":
  version "0.115.0"
  resolved "https://registry.npmmirror.com/@oxc-project/runtime/-/runtime-0.115.0.tgz#5e8350088964e1d8e0c73cfccfc1d71ca2e2f4a2"
  integrity sha512-Rg8Wlt5dCbXhQnsXPrkOjL1DTSvXLgb2R/KYfnf1/K+R0k6UMLEmbQXPM+kwrWqSmWA2t0B1EtHy2/3zikQpvQ==

"@oxc-project/types@=0.115.0":
  version "0.115.0"
  resolved "https://registry.npmmirror.com/@oxc-project/types/-/types-0.115.0.tgz#92a599543529bce45f8f2da77f40a124d63349dc"
  integrity sha512-4n91DKnebUS4yjUHl2g3/b2T+IUdCfmoZGhmwsovZCDaJSs+QkVAM+0AqqTxHSsHfeiMuueT75cZaZcT/m0pSw==

"@popperjs/core@npm:@sxzz/popperjs-es@^2.11.7":
  version "2.11.8"
  resolved "https://registry.npmmirror.com/@sxzz/popperjs-es/-/popperjs-es-2.11.8.tgz#af82ff5ecd0ec5874d3f2356db92223eec5d8661"
  integrity sha512-wOwESXvvED3S8xBmcPWHs2dUuzrE4XiZeFu7e1hROIJkm02a49N120pmOXxY33sBb6hArItm5W5tcg1cBtV+HQ==

"@rolldown/binding-android-arm64@1.0.0-rc.8":
  version "1.0.0-rc.8"
  resolved "https://registry.npmmirror.com/@rolldown/binding-android-arm64/-/binding-android-arm64-1.0.0-rc.8.tgz#23f5e16c413f8953ddcaec6f1a81875cb7f5e5d5"
  integrity sha512-5bcmMQDWEfWUq3m79Mcf/kbO6e5Jr6YjKSsA1RnpXR6k73hQ9z1B17+4h93jXpzHvS18p7bQHM1HN/fSd+9zog==

"@rolldown/binding-darwin-arm64@1.0.0-rc.8":
  version "1.0.0-rc.8"
  resolved "https://registry.npmmirror.com/@rolldown/binding-darwin-arm64/-/binding-darwin-arm64-1.0.0-rc.8.tgz#0e48c0eeffb86f4ca35a1c25516399de7295ca44"
  integrity sha512-dcHPd5N4g9w2iiPRJmAvO0fsIWzF2JPr9oSuTjxLL56qu+oML5aMbBMNwWbk58Mt3pc7vYs9CCScwLxdXPdRsg==

"@rolldown/binding-darwin-x64@1.0.0-rc.8":
  version "1.0.0-rc.8"
  resolved "https://registry.npmmirror.com/@rolldown/binding-darwin-x64/-/binding-darwin-x64-1.0.0-rc.8.tgz#af814776f7d0a59cb9e0d74f0b8d0ac9da4da9e6"
  integrity sha512-mw0VzDvoj8AuR761QwpdCFN0sc/jspuc7eRYJetpLWd+XyansUrH3C7IgNw6swBOgQT9zBHNKsVCjzpfGJlhUA==

"@rolldown/binding-freebsd-x64@1.0.0-rc.8":
  version "1.0.0-rc.8"
  resolved "https://registry.npmmirror.com/@rolldown/binding-freebsd-x64/-/binding-freebsd-x64-1.0.0-rc.8.tgz#0f888294edc31cb029207ed62ab6ba0e61bab273"
  integrity sha512-xNrRa6mQ9NmMIJBdJtPMPG8Mso0OhM526pDzc/EKnRrIrrkHD1E0Z6tONZRmUeJElfsQ6h44lQQCcDilSNIvSQ==

"@rolldown/binding-linux-arm-gnueabihf@1.0.0-rc.8":
  version "1.0.0-rc.8"
  resolved "https://registry.npmmirror.com/@rolldown/binding-linux-arm-gnueabihf/-/binding-linux-arm-gnueabihf-1.0.0-rc.8.tgz#bf644c2709971d92c3b5bbf98a97c81543158f20"
  integrity sha512-WgCKoO6O/rRUwimWfEJDeztwJJmuuX0N2bYLLRxmXDTtCwjToTOqk7Pashl/QpQn3H/jHjx0b5yCMbcTVYVpNg==

"@rolldown/binding-linux-arm64-gnu@1.0.0-rc.8":
  version "1.0.0-rc.8"
  resolved "https://registry.npmmirror.com/@rolldown/binding-linux-arm64-gnu/-/binding-linux-arm64-gnu-1.0.0-rc.8.tgz#d963a0750e92fc51275df7266d9a06a5a9779558"
  integrity sha512-tOHgTOQa8G4Z3ULj4G3NYOGGJEsqPHR91dT72u63OtVsZ7B6wFJKOx+ZKv+pvwzxWz92/I2ycaqi2/Ll4l+rlg==

"@rolldown/binding-linux-arm64-musl@1.0.0-rc.8":
  version "1.0.0-rc.8"
  resolved "https://registry.npmmirror.com/@rolldown/binding-linux-arm64-musl/-/binding-linux-arm64-musl-1.0.0-rc.8.tgz#fec0708a3eddd735024b676f99515ac73c931546"
  integrity sha512-oRbxcgDujCi2Yp1GTxoUFsIFlZsuPHU4OV4AzNc3/6aUmR4lfm9FK0uwQu82PJsuUwnF2jFdop3Ep5c1uK7Uxg==

"@rolldown/binding-linux-ppc64-gnu@1.0.0-rc.8":
  version "1.0.0-rc.8"
  resolved "https://registry.npmmirror.com/@rolldown/binding-linux-ppc64-gnu/-/binding-linux-ppc64-gnu-1.0.0-rc.8.tgz#19b13129c651caf66fd9eeb873ee061a918b4ba3"
  integrity sha512-oaLRyUHw8kQE5M89RqrDJZ10GdmGJcMeCo8tvaE4ukOofqgjV84AbqBSH6tTPjeT2BHv+xlKj678GBuIb47lKA==

"@rolldown/binding-linux-s390x-gnu@1.0.0-rc.8":
  version "1.0.0-rc.8"
  resolved "https://registry.npmmirror.com/@rolldown/binding-linux-s390x-gnu/-/binding-linux-s390x-gnu-1.0.0-rc.8.tgz#d1f9e9761edd0bee54528921cdd18746ef4ce333"
  integrity sha512-1hjSKFrod5MwBBdLOOA0zpUuSfSDkYIY+QqcMcIU1WOtswZtZdUkcFcZza9b2HcAb0bnpmmyo0LZcaxLb2ov1g==

"@rolldown/binding-linux-x64-gnu@1.0.0-rc.8":
  version "1.0.0-rc.8"
  resolved "https://registry.npmmirror.com/@rolldown/binding-linux-x64-gnu/-/binding-linux-x64-gnu-1.0.0-rc.8.tgz#f925388e56f242e9c214335ed8bdbbbd80c5d261"
  integrity sha512-a1+F0aV4Wy9tT3o+cHl3XhOy6aFV+B8Ll+/JFj98oGkb6lGk3BNgrxd+80RwYRVd23oLGvj3LwluKYzlv1PEuw==

"@rolldown/binding-linux-x64-musl@1.0.0-rc.8":
  version "1.0.0-rc.8"
  resolved "https://registry.npmmirror.com/@rolldown/binding-linux-x64-musl/-/binding-linux-x64-musl-1.0.0-rc.8.tgz#1b5aca07bafdff8b8ae2d999666dc379773b74fb"
  integrity sha512-bGyXCFU11seFrf7z8PcHSwGEiFVkZ9vs+auLacVOQrVsI8PFHJzzJROF3P6b0ODDmXr0m6Tj5FlDhcXVk0Jp8w==

"@rolldown/binding-openharmony-arm64@1.0.0-rc.8":
  version "1.0.0-rc.8"
  resolved "https://registry.npmmirror.com/@rolldown/binding-openharmony-arm64/-/binding-openharmony-arm64-1.0.0-rc.8.tgz#947c4382712c03127205a45234faeecffa0f51dc"
  integrity sha512-n8d+L2bKgf9G3+AM0bhHFWdlz9vYKNim39ujRTieukdRek0RAo2TfG2uEnV9spa4r4oHUfL9IjcY3M9SlqN1gw==

"@rolldown/binding-wasm32-wasi@1.0.0-rc.8":
  version "1.0.0-rc.8"
  resolved "https://registry.npmmirror.com/@rolldown/binding-wasm32-wasi/-/binding-wasm32-wasi-1.0.0-rc.8.tgz#caa0679f6605b32680984561032a991a840dc328"
  integrity sha512-4R4iJDIk7BrJdteAbEAICXPoA7vZoY/M0OBfcRlQxzQvUYMcEp2GbC/C8UOgQJhu2TjGTpX1H8vVO1xHWcRqQA==
  dependencies:
    "@napi-rs/wasm-runtime" "^1.1.1"

"@rolldown/binding-win32-arm64-msvc@1.0.0-rc.8":
  version "1.0.0-rc.8"
  resolved "https://registry.npmmirror.com/@rolldown/binding-win32-arm64-msvc/-/binding-win32-arm64-msvc-1.0.0-rc.8.tgz#18407b8126e42c778e6a90f6e4fe59aaa0347c0f"
  integrity sha512-3lwnklba9qQOpFnQ7EW+A1m4bZTWXZE4jtehsZ0YOl2ivW1FQqp5gY7X2DLuKITggesyuLwcmqS11fA7NtrmrA==

"@rolldown/binding-win32-x64-msvc@1.0.0-rc.8":
  version "1.0.0-rc.8"
  resolved "https://registry.npmmirror.com/@rolldown/binding-win32-x64-msvc/-/binding-win32-x64-msvc-1.0.0-rc.8.tgz#8749680b2e6dc7c9f1cb5f717f3714247e8cae2b"
  integrity sha512-VGjCx9Ha1P/r3tXGDZyG0Fcq7Q0Afnk64aaKzr1m40vbn1FL8R3W0V1ELDvPgzLXaaqK/9PnsqSaLWXfn6JtGQ==

"@rolldown/pluginutils@1.0.0-rc.2":
  version "1.0.0-rc.2"
  resolved "https://registry.npmmirror.com/@rolldown/pluginutils/-/pluginutils-1.0.0-rc.2.tgz#10324e74cb3396cb7b616042ea7e9e6aa7d8d458"
  integrity sha512-izyXV/v+cHiRfozX62W9htOAvwMo4/bXKDrQ+vom1L1qRuexPock/7VZDAhnpHCLNejd3NJ6hiab+tO0D44Rgw==

"@rolldown/pluginutils@1.0.0-rc.8":
  version "1.0.0-rc.8"
  resolved "https://registry.npmmirror.com/@rolldown/pluginutils/-/pluginutils-1.0.0-rc.8.tgz#dc3a733c56cc7f202b55ddb5bb5cbbe8c16185f8"
  integrity sha512-wzJwL82/arVfeSP3BLr1oTy40XddjtEdrdgtJ4lLRBu06mP3q/8HGM6K0JRlQuTA3XB0pNJx2so/nmpY4xyOew==

"@tybys/wasm-util@^0.10.1":
  version "0.10.1"
  resolved "https://registry.npmmirror.com/@tybys/wasm-util/-/wasm-util-0.10.1.tgz#ecddd3205cf1e2d5274649ff0eedd2991ed7f414"
  integrity sha512-9tTaPJLSiejZKx+Bmog4uSubteqTvFrVrURwkmHixBo0G4seD0zUxp98E1DzUBJxLQ3NPwXrGKDiVjwx/DpPsg==
  dependencies:
    tslib "^2.4.0"

"@types/lodash-es@^4.17.12":
  version "4.17.12"
  resolved "https://registry.npmmirror.com/@types/lodash-es/-/lodash-es-4.17.12.tgz#65f6d1e5f80539aa7cfbfc962de5def0cf4f341b"
  integrity sha512-0NgftHUcV4v34VhXm8QBSftKVXtbkBG3ViCjs6+eJ5a6y6Mi/jiFGPc1sC7QK+9BFhWrURE3EOggmWaSxL9OzQ==
  dependencies:
    "@types/lodash" "*"

"@types/lodash@*", "@types/lodash@^4.17.20":
  version "4.17.24"
  resolved "https://registry.npmmirror.com/@types/lodash/-/lodash-4.17.24.tgz#4ae334fc62c0e915ca8ed8e35dcc6d4eeb29215f"
  integrity sha512-gIW7lQLZbue7lRSWEFql49QJJWThrTFFeIMJdp3eH4tKoxm1OvEPg02rm4wCCSHS0cL3/Fizimb35b7k8atwsQ==

"@types/node@^24.10.1":
  version "24.12.0"
  resolved "https://registry.npmmirror.com/@types/node/-/node-24.12.0.tgz#6222e028210e5322e4f4f6767f8d88e5ea3b33d2"
  integrity sha512-GYDxsZi3ChgmckRT9HPU0WEhKLP08ev/Yfcq2AstjrDASOYCSXeyjDsHg4v5t4jOj7cyDX3vmprafKlWIG9MXQ==
  dependencies:
    undici-types "~7.16.0"

"@types/web-bluetooth@^0.0.20":
  version "0.0.20"
  resolved "https://registry.npmmirror.com/@types/web-bluetooth/-/web-bluetooth-0.0.20.tgz#f066abfcd1cbe66267cdbbf0de010d8a41b41597"
  integrity sha512-g9gZnnXVq7gM7v3tJCWV/qw7w+KeOlSHAhgF9RytFyifW6AF61hdT2ucrYhPq9hLs5JIryeupHV3qGk95dH9ow==

"@vitejs/plugin-vue@^6.0.2":
  version "6.0.4"
  resolved "https://registry.npmmirror.com/@vitejs/plugin-vue/-/plugin-vue-6.0.4.tgz#f571fe5aeb0be511e3bfdd43844d8eaa0738b28e"
  integrity sha512-uM5iXipgYIn13UUQCZNdWkYk+sysBeA97d5mHsAoAt1u/wpN3+zxOmsVJWosuzX+IMGRzeYUNytztrYznboIkQ==
  dependencies:
    "@rolldown/pluginutils" "1.0.0-rc.2"

"@volar/language-core@2.4.28":
  version "2.4.28"
  resolved "https://registry.npmmirror.com/@volar/language-core/-/language-core-2.4.28.tgz#c21f365a91c1dffe8bd7264fd491770c8d74fef3"
  integrity sha512-w4qhIJ8ZSitgLAkVay6AbcnC7gP3glYM3fYwKV3srj8m494E3xtrCv6E+bWviiK/8hs6e6t1ij1s2Endql7vzQ==
  dependencies:
    "@volar/source-map" "2.4.28"

"@volar/source-map@2.4.28":
  version "2.4.28"
  resolved "https://registry.npmmirror.com/@volar/source-map/-/source-map-2.4.28.tgz#b40254e8c96199e5f1e0796777c593c617ad270e"
  integrity sha512-yX2BDBqJkRXfKw8my8VarTyjv48QwxdJtvRgUpNE5erCsgEUdI2DsLbpa+rOQVAJYshY99szEcRDmyHbF10ggQ==

"@volar/typescript@2.4.28":
  version "2.4.28"
  resolved "https://registry.npmmirror.com/@volar/typescript/-/typescript-2.4.28.tgz#83f86356e84eb101b8081a44c104f2f2ced8411f"
  integrity sha512-Ja6yvWrbis2QtN4ClAKreeUZPVYMARDYZl9LMEv1iQ1QdepB6wn0jTRxA9MftYmYa4DQ4k/DaSZpFPUfxl8giw==
  dependencies:
    "@volar/language-core" "2.4.28"
    path-browserify "^1.0.1"
    vscode-uri "^3.0.8"

"@vue/compiler-core@3.5.30":
  version "3.5.30"
  resolved "https://registry.npmmirror.com/@vue/compiler-core/-/compiler-core-3.5.30.tgz#0f984da9207f24f9ddfb700052a43247a953fd9a"
  integrity sha512-s3DfdZkcu/qExZ+td75015ljzHc6vE+30cFMGRPROYjqkroYI5NV2X1yAMX9UeyBNWB9MxCfPcsjpLS11nzkkw==
  dependencies:
    "@babel/parser" "^7.29.0"
    "@vue/shared" "3.5.30"
    entities "^7.0.1"
    estree-walker "^2.0.2"
    source-map-js "^1.2.1"

"@vue/compiler-dom@3.5.30", "@vue/compiler-dom@^3.5.0":
  version "3.5.30"
  resolved "https://registry.npmmirror.com/@vue/compiler-dom/-/compiler-dom-3.5.30.tgz#a38dbdd520479244c8b673123b4bd06a82e733ee"
  integrity sha512-eCFYESUEVYHhiMuK4SQTldO3RYxyMR/UQL4KdGD1Yrkfdx4m/HYuZ9jSfPdA+nWJY34VWndiYdW/wZXyiPEB9g==
  dependencies:
    "@vue/compiler-core" "3.5.30"
    "@vue/shared" "3.5.30"

"@vue/compiler-sfc@3.5.30":
  version "3.5.30"
  resolved "https://registry.npmmirror.com/@vue/compiler-sfc/-/compiler-sfc-3.5.30.tgz#5c716d844f240154263e99b25fba6e1802c0c8c6"
  integrity sha512-LqmFPDn89dtU9vI3wHJnwaV6GfTRD87AjWpTWpyrdVOObVtjIuSeZr181z5C4PmVx/V3j2p+0f7edFKGRMpQ5A==
  dependencies:
    "@babel/parser" "^7.29.0"
    "@vue/compiler-core" "3.5.30"
    "@vue/compiler-dom" "3.5.30"
    "@vue/compiler-ssr" "3.5.30"
    "@vue/shared" "3.5.30"
    estree-walker "^2.0.2"
    magic-string "^0.30.21"
    postcss "^8.5.8"
    source-map-js "^1.2.1"

"@vue/compiler-ssr@3.5.30":
  version "3.5.30"
  resolved "https://registry.npmmirror.com/@vue/compiler-ssr/-/compiler-ssr-3.5.30.tgz#e9b407d7e56be1e307a7621f2e8d2501267ff1d0"
  integrity sha512-NsYK6OMTnx109PSL2IAyf62JP6EUdk4Dmj6AkWcJGBvN0dQoMYtVekAmdqgTtWQgEJo+Okstbf/1p7qZr5H+bA==
  dependencies:
    "@vue/compiler-dom" "3.5.30"
    "@vue/shared" "3.5.30"

"@vue/language-core@3.2.5":
  version "3.2.5"
  resolved "https://registry.npmmirror.com/@vue/language-core/-/language-core-3.2.5.tgz#f80d8ccfa0492e5edd3763513ac6416327dd4c87"
  integrity sha512-d3OIxN/+KRedeM5wQ6H6NIpwS3P5gC9nmyaHgBk+rO6dIsjY+tOh4UlPpiZbAh3YtLdCGEX4M16RmsBqPmJV+g==
  dependencies:
    "@volar/language-core" "2.4.28"
    "@vue/compiler-dom" "^3.5.0"
    "@vue/shared" "^3.5.0"
    alien-signals "^3.0.0"
    muggle-string "^0.4.1"
    path-browserify "^1.0.1"
    picomatch "^4.0.2"

"@vue/reactivity@3.5.30":
  version "3.5.30"
  resolved "https://registry.npmmirror.com/@vue/reactivity/-/reactivity-3.5.30.tgz#1ff13f7d570b16b4f009f007772c7b71be1dd09d"
  integrity sha512-179YNgKATuwj9gB+66snskRDOitDiuOZqkYia7mHKJaidOMo/WJxHKF8DuGc4V4XbYTJANlfEKb0yxTQotnx4Q==
  dependencies:
    "@vue/shared" "3.5.30"

"@vue/runtime-core@3.5.30":
  version "3.5.30"
  resolved "https://registry.npmmirror.com/@vue/runtime-core/-/runtime-core-3.5.30.tgz#abe448b25e88f583b1847323a2f19f5e4a21837d"
  integrity sha512-e0Z+8PQsUTdwV8TtEsLzUM7SzC7lQwYKePydb7K2ZnmS6jjND+WJXkmmfh/swYzRyfP1EY3fpdesyYoymCzYfg==
  dependencies:
    "@vue/reactivity" "3.5.30"
    "@vue/shared" "3.5.30"

"@vue/runtime-dom@3.5.30":
  version "3.5.30"
  resolved "https://registry.npmmirror.com/@vue/runtime-dom/-/runtime-dom-3.5.30.tgz#41d1b6424b754300f735c2ecb1a7457b4125dab3"
  integrity sha512-2UIGakjU4WSQ0T4iwDEW0W7vQj6n7AFn7taqZ9Cvm0Q/RA2FFOziLESrDL4GmtI1wV3jXg5nMoJSYO66egDUBw==
  dependencies:
    "@vue/reactivity" "3.5.30"
    "@vue/runtime-core" "3.5.30"
    "@vue/shared" "3.5.30"
    csstype "^3.2.3"

"@vue/server-renderer@3.5.30":
  version "3.5.30"
  resolved "https://registry.npmmirror.com/@vue/server-renderer/-/server-renderer-3.5.30.tgz#116515063d609d3ceca1170f3b09122f24f187b5"
  integrity sha512-v+R34icapydRwbZRD0sXwtHqrQJv38JuMB4JxbOxd8NEpGLny7cncMp53W9UH/zo4j8eDHjQ1dEJXwzFQknjtQ==
  dependencies:
    "@vue/compiler-ssr" "3.5.30"
    "@vue/shared" "3.5.30"

"@vue/shared@3.5.30", "@vue/shared@^3.5.0":
  version "3.5.30"
  resolved "https://registry.npmmirror.com/@vue/shared/-/shared-3.5.30.tgz#5d7a0d3ca151647484303fd9f057e2e13ecb80ef"
  integrity sha512-YXgQ7JjaO18NeK2K9VTbDHaFy62WrObMa6XERNfNOkAhD1F1oDSf3ZJ7K6GqabZ0BvSDHajp8qfS5Sa2I9n8uQ==

"@vue/tsconfig@^0.8.1":
  version "0.8.1"
  resolved "https://registry.npmmirror.com/@vue/tsconfig/-/tsconfig-0.8.1.tgz#4732251fa58945024424385cf3be0b1708fad5fe"
  integrity sha512-aK7feIWPXFSUhsCP9PFqPyFOcz4ENkb8hZ2pneL6m2UjCkccvaOhC/5KCKluuBufvp2KzkbdA2W2pk20vLzu3g==

"@vueuse/core@12.0.0":
  version "12.0.0"
  resolved "https://registry.npmmirror.com/@vueuse/core/-/core-12.0.0.tgz#9b07923ca24a6b5873bf614888c7d0f796cef7d2"
  integrity sha512-C12RukhXiJCbx4MGhjmd/gH52TjJsc3G0E0kQj/kb19H3Nt6n1CA4DRWuTdWWcaFRdlTe0npWDS942mvacvNBw==
  dependencies:
    "@types/web-bluetooth" "^0.0.20"
    "@vueuse/metadata" "12.0.0"
    "@vueuse/shared" "12.0.0"
    vue "^3.5.13"

"@vueuse/metadata@12.0.0":
  version "12.0.0"
  resolved "https://registry.npmmirror.com/@vueuse/metadata/-/metadata-12.0.0.tgz#ba6c279528fdb3c821825302f8a45c5ce327db01"
  integrity sha512-Yzimd1D3sjxTDOlF05HekU5aSGdKjxhuhRFHA7gDWLn57PRbBIh+SF5NmjhJ0WRgF3my7T8LBucyxdFJjIfRJQ==

"@vueuse/shared@12.0.0":
  version "12.0.0"
  resolved "https://registry.npmmirror.com/@vueuse/shared/-/shared-12.0.0.tgz#8d765a1c5038cc4ea29e9bbb622b2d4fd3365aef"
  integrity sha512-3i6qtcq2PIio5i/vVYidkkcgvmTjCqrf26u+Fd4LhnbBmIT6FN8y6q/GJERp8lfcB9zVEfjdV0Br0443qZuJpw==
  dependencies:
    vue "^3.5.13"

alien-signals@^3.0.0:
  version "3.1.2"
  resolved "https://registry.npmmirror.com/alien-signals/-/alien-signals-3.1.2.tgz#26e623e3ed81e401df1a7c503f726e2288a4fa02"
  integrity sha512-d9dYqZTS90WLiU0I5c6DHj/HcKkF8ZyGN3G5x8wSbslulz70KOxaqCT0hQCo9KOyhVqzqGojvNdJXoTumZOtcw==

async-validator@^4.2.5:
  version "4.2.5"
  resolved "https://registry.npmmirror.com/async-validator/-/async-validator-4.2.5.tgz#c96ea3332a521699d0afaaceed510a54656c6339"
  integrity sha512-7HhHjtERjqlNbZtqNqy2rckN/SpOOlmDliet+lP7k+eKZEjPk3DgyeU9lIXLdeLz0uBbbVp+9Qdow9wJWgwwfg==

csstype@^3.2.3:
  version "3.2.3"
  resolved "https://registry.npmmirror.com/csstype/-/csstype-3.2.3.tgz#ec48c0f3e993e50648c86da559e2610995cf989a"
  integrity sha512-z1HGKcYy2xA8AGQfwrn0PAy+PB7X/GSj3UVJW9qKyn43xWa+gl5nXmU4qqLMRzWVLFC8KusUX8T/0kCiOYpAIQ==

dayjs@^1.11.19:
  version "1.11.20"
  resolved "https://registry.npmmirror.com/dayjs/-/dayjs-1.11.20.tgz#88d919fd639dc991415da5f4cb6f1b6650811938"
  integrity sha512-YbwwqR/uYpeoP4pu043q+LTDLFBLApUP6VxRihdfNTqu4ubqMlGDLd6ErXhEgsyvY0K6nCs7nggYumAN+9uEuQ==

detect-libc@^2.0.3:
  version "2.1.2"
  resolved "https://registry.npmmirror.com/detect-libc/-/detect-libc-2.1.2.tgz#689c5dcdc1900ef5583a4cb9f6d7b473742074ad"
  integrity sha512-Btj2BOOO83o3WyH59e8MgXsxEQVcarkUOpEYrubB0urwnN10yQ364rsiByU11nZlqWYZm05i/of7io4mzihBtQ==

element-plus@^2.13.5:
  version "2.13.5"
  resolved "https://registry.npmmirror.com/element-plus/-/element-plus-2.13.5.tgz#8c7d0aacd6dee7dcde9026cca59a4be9e61615b5"
  integrity sha512-dmY24fhSREfZN/PuUt0YZigMso7wWzl+B5o+YKNN15kQIn/0hzamsPU+ebj9SES0IbUqsLX1wkrzYmzU8VrVOQ==
  dependencies:
    "@ctrl/tinycolor" "^4.2.0"
    "@element-plus/icons-vue" "^2.3.2"
    "@floating-ui/dom" "^1.0.1"
    "@popperjs/core" "npm:@sxzz/popperjs-es@^2.11.7"
    "@types/lodash" "^4.17.20"
    "@types/lodash-es" "^4.17.12"
    "@vueuse/core" "12.0.0"
    async-validator "^4.2.5"
    dayjs "^1.11.19"
    lodash "^4.17.23"
    lodash-es "^4.17.23"
    lodash-unified "^1.0.3"
    memoize-one "^6.0.0"
    normalize-wheel-es "^1.2.0"

entities@^7.0.1:
  version "7.0.1"
  resolved "https://registry.npmmirror.com/entities/-/entities-7.0.1.tgz#26e8a88889db63417dcb9a1e79a3f1bc92b5976b"
  integrity sha512-TWrgLOFUQTH994YUyl1yT4uyavY5nNB5muff+RtWaqNVCAK408b5ZnnbNAUEWLTCpum9w6arT70i1XdQ4UeOPA==

estree-walker@^2.0.2:
  version "2.0.2"
  resolved "https://registry.npmmirror.com/estree-walker/-/estree-walker-2.0.2.tgz#52f010178c2a4c117a7757cfe942adb7d2da4cac"
  integrity sha512-Rfkk/Mp/DL7JVje3u18FxFujQlTNR2q6QfMSMB7AvCBx91NGj/ba3kCfza0f6dVDbw7YlRf/nDrn7pQrCCyQ/w==

fdir@^6.5.0:
  version "6.5.0"
  resolved "https://registry.npmmirror.com/fdir/-/fdir-6.5.0.tgz#ed2ab967a331ade62f18d077dae192684d50d350"
  integrity sha512-tIbYtZbucOs0BRGqPJkshJUYdL+SDH7dVM8gjy+ERp3WAUjLEFJE+02kanyHtwjWOnwrKYBiwAmM0p4kLJAnXg==

fsevents@~2.3.3:
  version "2.3.3"
  resolved "https://registry.npmmirror.com/fsevents/-/fsevents-2.3.3.tgz#cac6407785d03675a2a5e1a5305c697b347d90d6"
  integrity sha512-5xoDfX+fL7faATnagmWPpbFtwh/R77WmMMqqHGS65C3vvB0YHrgF+B1YmZ3441tMj5n63k0212XNoJwzlhffQw==

lightningcss-android-arm64@1.32.0:
  version "1.32.0"
  resolved "https://registry.npmmirror.com/lightningcss-android-arm64/-/lightningcss-android-arm64-1.32.0.tgz#f033885116dfefd9c6f54787523e3514b61e1968"
  integrity sha512-YK7/ClTt4kAK0vo6w3X+Pnm0D2cf2vPHbhOXdoNti1Ga0al1P4TBZhwjATvjNwLEBCnKvjJc2jQgHXH0NEwlAg==

lightningcss-darwin-arm64@1.32.0:
  version "1.32.0"
  resolved "https://registry.npmmirror.com/lightningcss-darwin-arm64/-/lightningcss-darwin-arm64-1.32.0.tgz#50b71871b01c8199584b649e292547faea7af9b5"
  integrity sha512-RzeG9Ju5bag2Bv1/lwlVJvBE3q6TtXskdZLLCyfg5pt+HLz9BqlICO7LZM7VHNTTn/5PRhHFBSjk5lc4cmscPQ==

lightningcss-darwin-x64@1.32.0:
  version "1.32.0"
  resolved "https://registry.npmmirror.com/lightningcss-darwin-x64/-/lightningcss-darwin-x64-1.32.0.tgz#35f3e97332d130b9ca181e11b568ded6aebc6d5e"
  integrity sha512-U+QsBp2m/s2wqpUYT/6wnlagdZbtZdndSmut/NJqlCcMLTWp5muCrID+K5UJ6jqD2BFshejCYXniPDbNh73V8w==

lightningcss-freebsd-x64@1.32.0:
  version "1.32.0"
  resolved "https://registry.npmmirror.com/lightningcss-freebsd-x64/-/lightningcss-freebsd-x64-1.32.0.tgz#9777a76472b64ed6ff94342ad64c7bafd794a575"
  integrity sha512-JCTigedEksZk3tHTTthnMdVfGf61Fky8Ji2E4YjUTEQX14xiy/lTzXnu1vwiZe3bYe0q+SpsSH/CTeDXK6WHig==

lightningcss-linux-arm-gnueabihf@1.32.0:
  version "1.32.0"
  resolved "https://registry.npmmirror.com/lightningcss-linux-arm-gnueabihf/-/lightningcss-linux-arm-gnueabihf-1.32.0.tgz#13ae652e1ab73b9135d7b7da172f666c410ad53d"
  integrity sha512-x6rnnpRa2GL0zQOkt6rts3YDPzduLpWvwAF6EMhXFVZXD4tPrBkEFqzGowzCsIWsPjqSK+tyNEODUBXeeVHSkw==

lightningcss-linux-arm64-gnu@1.32.0:
  version "1.32.0"
  resolved "https://registry.npmmirror.com/lightningcss-linux-arm64-gnu/-/lightningcss-linux-arm64-gnu-1.32.0.tgz#417858795a94592f680123a1b1f9da8a0e1ef335"
  integrity sha512-0nnMyoyOLRJXfbMOilaSRcLH3Jw5z9HDNGfT/gwCPgaDjnx0i8w7vBzFLFR1f6CMLKF8gVbebmkUN3fa/kQJpQ==

lightningcss-linux-arm64-musl@1.32.0:
  version "1.32.0"
  resolved "https://registry.npmmirror.com/lightningcss-linux-arm64-musl/-/lightningcss-linux-arm64-musl-1.32.0.tgz#6be36692e810b718040802fd809623cffe732133"
  integrity sha512-UpQkoenr4UJEzgVIYpI80lDFvRmPVg6oqboNHfoH4CQIfNA+HOrZ7Mo7KZP02dC6LjghPQJeBsvXhJod/wnIBg==

lightningcss-linux-x64-gnu@1.32.0:
  version "1.32.0"
  resolved "https://registry.npmmirror.com/lightningcss-linux-x64-gnu/-/lightningcss-linux-x64-gnu-1.32.0.tgz#0b7803af4eb21cfd38dd39fe2abbb53c7dd091f6"
  integrity sha512-V7Qr52IhZmdKPVr+Vtw8o+WLsQJYCTd8loIfpDaMRWGUZfBOYEJeyJIkqGIDMZPwPx24pUMfwSxxI8phr/MbOA==

lightningcss-linux-x64-musl@1.32.0:
  version "1.32.0"
  resolved "https://registry.npmmirror.com/lightningcss-linux-x64-musl/-/lightningcss-linux-x64-musl-1.32.0.tgz#88dc8ba865ddddb1ac5ef04b0f161804418c163b"
  integrity sha512-bYcLp+Vb0awsiXg/80uCRezCYHNg1/l3mt0gzHnWV9XP1W5sKa5/TCdGWaR/zBM2PeF/HbsQv/j2URNOiVuxWg==

lightningcss-win32-arm64-msvc@1.32.0:
  version "1.32.0"
  resolved "https://registry.npmmirror.com/lightningcss-win32-arm64-msvc/-/lightningcss-win32-arm64-msvc-1.32.0.tgz#4f30ba3fa5e925f5b79f945e8cc0d176c3b1ab38"
  integrity sha512-8SbC8BR40pS6baCM8sbtYDSwEVQd4JlFTOlaD3gWGHfThTcABnNDBda6eTZeqbofalIJhFx0qKzgHJmcPTnGdw==

lightningcss-win32-x64-msvc@1.32.0:
  version "1.32.0"
  resolved "https://registry.npmmirror.com/lightningcss-win32-x64-msvc/-/lightningcss-win32-x64-msvc-1.32.0.tgz#141aa5605645064928902bb4af045fa7d9f4220a"
  integrity sha512-Amq9B/SoZYdDi1kFrojnoqPLxYhQ4Wo5XiL8EVJrVsB8ARoC1PWW6VGtT0WKCemjy8aC+louJnjS7U18x3b06Q==

lightningcss@^1.31.1:
  version "1.32.0"
  resolved "https://registry.npmmirror.com/lightningcss/-/lightningcss-1.32.0.tgz#b85aae96486dcb1bf49a7c8571221273f4f1e4a9"
  integrity sha512-NXYBzinNrblfraPGyrbPoD19C1h9lfI/1mzgWYvXUTe414Gz/X1FD2XBZSZM7rRTrMA8JL3OtAaGifrIKhQ5yQ==
  dependencies:
    detect-libc "^2.0.3"
  optionalDependencies:
    lightningcss-android-arm64 "1.32.0"
    lightningcss-darwin-arm64 "1.32.0"
    lightningcss-darwin-x64 "1.32.0"
    lightningcss-freebsd-x64 "1.32.0"
    lightningcss-linux-arm-gnueabihf "1.32.0"
    lightningcss-linux-arm64-gnu "1.32.0"
    lightningcss-linux-arm64-musl "1.32.0"
    lightningcss-linux-x64-gnu "1.32.0"
    lightningcss-linux-x64-musl "1.32.0"
    lightningcss-win32-arm64-msvc "1.32.0"
    lightningcss-win32-x64-msvc "1.32.0"

lodash-es@^4.17.23:
  version "4.17.23"
  resolved "https://registry.npmmirror.com/lodash-es/-/lodash-es-4.17.23.tgz#58c4360fd1b5d33afc6c0bbd3d1149349b1138e0"
  integrity sha512-kVI48u3PZr38HdYz98UmfPnXl2DXrpdctLrFLCd3kOx1xUkOmpFPx7gCWWM5MPkL/fD8zb+Ph0QzjGFs4+hHWg==

lodash-unified@^1.0.3:
  version "1.0.3"
  resolved "https://registry.npmmirror.com/lodash-unified/-/lodash-unified-1.0.3.tgz#80b1eac10ed2eb02ed189f08614a29c27d07c894"
  integrity sha512-WK9qSozxXOD7ZJQlpSqOT+om2ZfcT4yO+03FuzAHD0wF6S0l0090LRPDx3vhTTLZ8cFKpBn+IOcVXK6qOcIlfQ==

lodash@^4.17.23:
  version "4.17.23"
  resolved "https://registry.npmmirror.com/lodash/-/lodash-4.17.23.tgz#f113b0378386103be4f6893388c73d0bde7f2c5a"
  integrity sha512-LgVTMpQtIopCi79SJeDiP0TfWi5CNEc/L/aRdTh3yIvmZXTnheWpKjSZhnvMl8iXbC1tFg9gdHHDMLoV7CnG+w==

magic-string@^0.30.21:
  version "0.30.21"
  resolved "https://registry.npmmirror.com/magic-string/-/magic-string-0.30.21.tgz#56763ec09a0fa8091df27879fd94d19078c00d91"
  integrity sha512-vd2F4YUyEXKGcLHoq+TEyCjxueSeHnFxyyjNp80yg0XV4vUhnDer/lvvlqM/arB5bXQN5K2/3oinyCRyx8T2CQ==
  dependencies:
    "@jridgewell/sourcemap-codec" "^1.5.5"

memoize-one@^6.0.0:
  version "6.0.0"
  resolved "https://registry.npmmirror.com/memoize-one/-/memoize-one-6.0.0.tgz#b2591b871ed82948aee4727dc6abceeeac8c1045"
  integrity sha512-rkpe71W0N0c0Xz6QD0eJETuWAJGnJ9afsl1srmwPrI+yBCkge5EycXXbYRyvL29zZVUWQCY7InPRCv3GDXuZNw==

muggle-string@^0.4.1:
  version "0.4.1"
  resolved "https://registry.npmmirror.com/muggle-string/-/muggle-string-0.4.1.tgz#3b366bd43b32f809dc20659534dd30e7c8a0d328"
  integrity sha512-VNTrAak/KhO2i8dqqnqnAHOa3cYBwXEZe9h+D5h/1ZqFSTEFHdM65lR7RoIqq3tBBYavsOXV84NoHXZ0AkPyqQ==

nanoid@^3.3.11:
  version "3.3.11"
  resolved "https://registry.npmmirror.com/nanoid/-/nanoid-3.3.11.tgz#4f4f112cefbe303202f2199838128936266d185b"
  integrity sha512-N8SpfPUnUp1bK+PMYW8qSWdl9U+wwNWI4QKxOYDy9JAro3WMX7p2OeVRF9v+347pnakNevPmiHhNmZ2HbFA76w==

normalize-wheel-es@^1.2.0:
  version "1.2.0"
  resolved "https://registry.npmmirror.com/normalize-wheel-es/-/normalize-wheel-es-1.2.0.tgz#0fa2593d619f7245a541652619105ab076acf09e"
  integrity sha512-Wj7+EJQ8mSuXr2iWfnujrimU35R2W4FAErEyTmJoJ7ucwTn2hOUSsRehMb5RSYkxXGTM7Y9QpvPmp++w5ftoJw==

path-browserify@^1.0.1:
  version "1.0.1"
  resolved "https://registry.npmmirror.com/path-browserify/-/path-browserify-1.0.1.tgz#d98454a9c3753d5790860f16f68867b9e46be1fd"
  integrity sha512-b7uo2UCUOYZcnF/3ID0lulOJi/bafxa1xPe7ZPsammBSpjSWQkjNxlt635YGS2MiR9GjvuXCtz2emr3jbsz98g==

picocolors@^1.1.1:
  version "1.1.1"
  resolved "https://registry.npmmirror.com/picocolors/-/picocolors-1.1.1.tgz#3d321af3eab939b083c8f929a1d12cda81c26b6b"
  integrity sha512-xceH2snhtb5M9liqDsmEw56le376mTZkEX/jEb/RxNFyegNul7eNslCXP9FDj/Lcu0X8KEyMceP2ntpaHrDEVA==

picomatch@^4.0.2, picomatch@^4.0.3:
  version "4.0.3"
  resolved "https://registry.npmmirror.com/picomatch/-/picomatch-4.0.3.tgz#796c76136d1eead715db1e7bad785dedd695a042"
  integrity sha512-5gTmgEY/sqK6gFXLIsQNH19lWb4ebPDLA4SdLP7dsWkIXHWlG66oPuVvXSGFPppYZz8ZDZq0dYYrbHfBCVUb1Q==

postcss@^8.5.6, postcss@^8.5.8:
  version "8.5.8"
  resolved "https://registry.npmmirror.com/postcss/-/postcss-8.5.8.tgz#6230ecc8fb02e7a0f6982e53990937857e13f399"
  integrity sha512-OW/rX8O/jXnm82Ey1k44pObPtdblfiuWnrd8X7GJ7emImCOstunGbXUpp7HdBrFQX6rJzn3sPT397Wp5aCwCHg==
  dependencies:
    nanoid "^3.3.11"
    picocolors "^1.1.1"
    source-map-js "^1.2.1"

rolldown@1.0.0-rc.8:
  version "1.0.0-rc.8"
  resolved "https://registry.npmmirror.com/rolldown/-/rolldown-1.0.0-rc.8.tgz#0c91d09adbb40927077c90d4df441feaba0ba4c3"
  integrity sha512-RGOL7mz/aoQpy/y+/XS9iePBfeNRDUdozrhCEJxdpJyimW8v6yp4c30q6OviUU5AnUJVLRL9GP//HUs6N3ALrQ==
  dependencies:
    "@oxc-project/types" "=0.115.0"
    "@rolldown/pluginutils" "1.0.0-rc.8"
  optionalDependencies:
    "@rolldown/binding-android-arm64" "1.0.0-rc.8"
    "@rolldown/binding-darwin-arm64" "1.0.0-rc.8"
    "@rolldown/binding-darwin-x64" "1.0.0-rc.8"
    "@rolldown/binding-freebsd-x64" "1.0.0-rc.8"
    "@rolldown/binding-linux-arm-gnueabihf" "1.0.0-rc.8"
    "@rolldown/binding-linux-arm64-gnu" "1.0.0-rc.8"
    "@rolldown/binding-linux-arm64-musl" "1.0.0-rc.8"
    "@rolldown/binding-linux-ppc64-gnu" "1.0.0-rc.8"
    "@rolldown/binding-linux-s390x-gnu" "1.0.0-rc.8"
    "@rolldown/binding-linux-x64-gnu" "1.0.0-rc.8"
    "@rolldown/binding-linux-x64-musl" "1.0.0-rc.8"
    "@rolldown/binding-openharmony-arm64" "1.0.0-rc.8"
    "@rolldown/binding-wasm32-wasi" "1.0.0-rc.8"
    "@rolldown/binding-win32-arm64-msvc" "1.0.0-rc.8"
    "@rolldown/binding-win32-x64-msvc" "1.0.0-rc.8"

source-map-js@^1.2.1:
  version "1.2.1"
  resolved "https://registry.npmmirror.com/source-map-js/-/source-map-js-1.2.1.tgz#1ce5650fddd87abc099eda37dcff024c2667ae46"
  integrity sha512-UXWMKhLOwVKb728IUtQPXxfYU+usdybtUrK/8uGE8CQMvrhOpwvzDBwj0QhSL7MQc7vIsISBG8VQ8+IDQxpfQA==

tinyglobby@^0.2.15:
  version "0.2.15"
  resolved "https://registry.npmmirror.com/tinyglobby/-/tinyglobby-0.2.15.tgz#e228dd1e638cea993d2fdb4fcd2d4602a79951c2"
  integrity sha512-j2Zq4NyQYG5XMST4cbs02Ak8iJUdxRM0XI5QyxXuZOzKOINmWurp3smXu3y5wDcJrptwpSjgXHzIQxR0omXljQ==
  dependencies:
    fdir "^6.5.0"
    picomatch "^4.0.3"

tslib@^2.4.0:
  version "2.8.1"
  resolved "https://registry.npmmirror.com/tslib/-/tslib-2.8.1.tgz#612efe4ed235d567e8aba5f2a5fab70280ade83f"
  integrity sha512-oJFu94HQb+KVduSUQL7wnpmqnfmLsOA/nAh6b6EH0wCEoK0/mPeXU6c3wKDV83MkOuHPRHtSXKKU99IBazS/2w==

typescript@~5.9.3:
  version "5.9.3"
  resolved "https://registry.npmmirror.com/typescript/-/typescript-5.9.3.tgz#5b4f59e15310ab17a216f5d6cf53ee476ede670f"
  integrity sha512-jl1vZzPDinLr9eUt3J/t7V6FgNEw9QjvBPdysz9KfQDD41fQrC2Y4vKQdiaUpFT4bXlb1RHhLpp8wtm6M5TgSw==

undici-types@~7.16.0:
  version "7.16.0"
  resolved "https://registry.npmmirror.com/undici-types/-/undici-types-7.16.0.tgz#ffccdff36aea4884cbfce9a750a0580224f58a46"
  integrity sha512-Zz+aZWSj8LE6zoxD+xrjh4VfkIG8Ya6LvYkZqtUQGJPZjYl53ypCaUwWqo7eI0x66KBGeRo+mlBEkMSeSZ38Nw==

vite@^8.0.0-beta.13:
  version "8.0.0-beta.18"
  resolved "https://registry.npmmirror.com/vite/-/vite-8.0.0-beta.18.tgz#9d56da005774bf9195453045a48e1fa1d2570b50"
  integrity sha512-azgNbWdsO/WBqHQxwSCy+zd+Fq+37Fix2hn64cQuiUvaaGGSUac7f8RGQhI1aQl9OKbfWblrCFLWs+tln06c2A==
  dependencies:
    "@oxc-project/runtime" "0.115.0"
    lightningcss "^1.31.1"
    picomatch "^4.0.3"
    postcss "^8.5.6"
    rolldown "1.0.0-rc.8"
    tinyglobby "^0.2.15"
  optionalDependencies:
    fsevents "~2.3.3"

vscode-uri@^3.0.8:
  version "3.1.0"
  resolved "https://registry.npmmirror.com/vscode-uri/-/vscode-uri-3.1.0.tgz#dd09ec5a66a38b5c3fffc774015713496d14e09c"
  integrity sha512-/BpdSx+yCQGnCvecbyXdxHDkuk55/G3xwnC0GqY4gmQ3j+A+g8kzzgB4Nk/SINjqn6+waqw3EgbVF2QKExkRxQ==

vue-tsc@^3.1.5:
  version "3.2.5"
  resolved "https://registry.npmmirror.com/vue-tsc/-/vue-tsc-3.2.5.tgz#9bdad91232f4187527d2245883116a56b0b955b7"
  integrity sha512-/htfTCMluQ+P2FISGAooul8kO4JMheOTCbCy4M6dYnYYjqLe3BExZudAua6MSIKSFYQtFOYAll7XobYwcpokGA==
  dependencies:
    "@volar/typescript" "2.4.28"
    "@vue/language-core" "3.2.5"

vue@^3.5.13, vue@^3.5.25:
  version "3.5.30"
  resolved "https://registry.npmmirror.com/vue/-/vue-3.5.30.tgz#66df25e9795af3e5522b36f24f3d290fde83f8a0"
  integrity sha512-hTHLc6VNZyzzEH/l7PFGjpcTvUgiaPK5mdLkbjrTeWSRcEfxFrv56g/XckIYlE9ckuobsdwqd5mk2g1sBkMewg==
  dependencies:
    "@vue/compiler-dom" "3.5.30"
    "@vue/compiler-sfc" "3.5.30"
    "@vue/runtime-dom" "3.5.30"
    "@vue/server-renderer" "3.5.30"
    "@vue/shared" "3.5.30"
